{
  "nodes": {
    "alejandra": {
      "inputs": {
        "flakeCompat": "flakeCompat",
        "nixpkgs": [
          "wired-notify",
          "nixpkgs"
        ]
      },
      "locked": {
        "lastModified": 1652974241,
        "narHash": "sha256-0AolxQtKj3Oek0WSbODDpPVO5Ih8PXHOA3qXEKPB4dQ=",
        "owner": "kamadorueda",
        "repo": "alejandra",
        "rev": "0be1462419fc73270a5dc0f84f8092603890b029",
        "type": "github"
      },
      "original": {
        "owner": "kamadorueda",
        "repo": "alejandra",
        "type": "github"
      }
    },
    "classified": {
      "inputs": {
        "flake-utils": "flake-utils",
        "naersk": [
          "naersk"
        ],
        "nixpkgs": [
          "nixpkgs"
        ]
      },
      "locked": {
        "lastModified": 1662839167,
        "narHash": "sha256-1+aj67QumLs4zGa5xfsU04GEthe2RHI7x7REgpthvC8=",
        "owner": "GoldsteinE",
        "repo": "classified",
        "rev": "35ec6b0cc56295c797651daf404768826702dac7",
        "type": "github"
      },
      "original": {
        "owner": "GoldsteinE",
        "repo": "classified",
        "type": "github"
      }
    },
    "fenix": {
      "inputs": {
        "nixpkgs": "nixpkgs",
        "rust-analyzer-src": "rust-analyzer-src"
      },
      "locked": {
        "lastModified": 1688624761,
        "narHash": "sha256-VMvhdWPCLUFhyssTSZXCxFkA9bZ05VgXZVsuYlJcZBg=",
        "owner": "nix-community",
        "repo": "fenix",
        "rev": "a2ea120926a1234ec804c090f90312e0ec2d4541",
        "type": "github"
      },
      "original": {
        "owner": "nix-community",
        "repo": "fenix",
        "type": "github"
      }
    },
    "flake-utils": {
      "locked": {
        "lastModified": 1659877975,
        "narHash": "sha256-zllb8aq3YO3h8B/U0/J1WBgAL8EX5yWf5pMj3G0NAmc=",
        "owner": "numtide",
        "repo": "flake-utils",
        "rev": "c0e246b9b83f637f4681389ecabcb2681b4f3af0",
        "type": "github"
      },
      "original": {
        "owner": "numtide",
        "repo": "flake-utils",
        "type": "github"
      }
    },
    "flake-utils_2": {
      "locked": {
        "lastModified": 1659877975,
        "narHash": "sha256-zllb8aq3YO3h8B/U0/J1WBgAL8EX5yWf5pMj3G0NAmc=",
        "owner": "numtide",
        "repo": "flake-utils",
        "rev": "c0e246b9b83f637f4681389ecabcb2681b4f3af0",
        "type": "github"
      },
      "original": {
        "owner": "numtide",
        "repo": "flake-utils",
        "type": "github"
      }
    },
    "flakeCompat": {
      "flake": false,
      "locked": {
        "lastModified": 1648199409,
        "narHash": "sha256-JwPKdC2PoVBkG6E+eWw3j6BMR6sL3COpYWfif7RVb8Y=",
        "owner": "edolstra",
        "repo": "flake-compat",
        "rev": "64a525ee38886ab9028e6f61790de0832aa3ef03",
        "type": "github"
      },
      "original": {
        "owner": "edolstra",
        "repo": "flake-compat",
        "type": "github"
      }
    },
    "home-manager": {
      "inputs": {
        "nixpkgs": [
          "nixpkgs"
        ]
      },
      "locked": {
        "lastModified": 1688552611,
        "narHash": "sha256-pV/1/AU1l5CNFeKmdJ1jofcaKHhtKAbxY4gazeCyoSo=",
        "owner": "nix-community",
        "repo": "home-manager",
        "rev": "b23c7501f7e0a001486c9a5555a6c53ac7b08e85",
        "type": "github"
      },
      "original": {
        "owner": "nix-community",
        "repo": "home-manager",
        "type": "github"
      }
    },
    "naersk": {
      "inputs": {
        "nixpkgs": "nixpkgs_2"
      },
      "locked": {
        "lastModified": 1688534083,
        "narHash": "sha256-/bI5vsioXscQTsx+Hk9X5HfweeNZz/6kVKsbdqfwW7g=",
        "owner": "nmattia",
        "repo": "naersk",
        "rev": "abca1fb7a6cfdd355231fc220c3d0302dbb4369a",
        "type": "github"
      },
      "original": {
        "owner": "nmattia",
        "repo": "naersk",
        "type": "github"
      }
    },
    "naersk_2": {
      "inputs": {
        "nixpkgs": "nixpkgs_4"
      },
      "locked": {
        "lastModified": 1659610603,
        "narHash": "sha256-LYgASYSPYo7O71WfeUOaEUzYfzuXm8c8eavJcel+pfI=",
        "owner": "nix-community",
        "repo": "naersk",
        "rev": "c6a45e4277fa58abd524681466d3450f896dc094",
        "type": "github"
      },
      "original": {
        "owner": "nix-community",
        "repo": "naersk",
        "type": "github"
      }
    },
    "nixpkgs": {
      "locked": {
        "lastModified": 1688500189,
        "narHash": "sha256-djYYiY4lzJOlXOnTHytH6BUugrxHDZjuGxTSrU4gt4M=",
        "owner": "nixos",
        "repo": "nixpkgs",
        "rev": "78419edadf0fabbe5618643bd850b2f2198ed060",
        "type": "github"
      },
      "original": {
        "owner": "nixos",
        "ref": "nixos-unstable",
        "repo": "nixpkgs",
        "type": "github"
      }
    },
    "nixpkgs_2": {
      "locked": {
        "lastModified": 1683408522,
        "narHash": "sha256-9kcPh6Uxo17a3kK3XCHhcWiV1Yu1kYj22RHiymUhMkU=",
        "path": "/nix/store/zjpd6dn9kza8zl3l17cwgyifsxbvi3nb-source",
        "rev": "897876e4c484f1e8f92009fd11b7d988a121a4e7",
        "type": "path"
      },
      "original": {
        "id": "nixpkgs",
        "type": "indirect"
      }
    },
    "nixpkgs_3": {
      "locked": {
        "lastModified": 1688590700,
        "narHash": "sha256-ZF055rIUP89cVwiLpG5xkJzx00gEuuGFF60Bs/LM3wc=",
        "owner": "nixos",
        "repo": "nixpkgs",
        "rev": "f292b4964cb71f9dfbbd30dc9f511d6165cd109b",
        "type": "github"
      },
      "original": {
        "owner": "nixos",
        "ref": "nixos-unstable",
        "repo": "nixpkgs",
        "type": "github"
      }
    },
    "nixpkgs_4": {
      "locked": {
        "lastModified": 0,
        "narHash": "sha256-nkMQ1TKIIAYIVbbUzjxfjPn3H1zZFW20TrHUFAjwvNU=",
        "path": "/nix/store/c3qqpbi359a0dvx80bkhzyqgd839y5if-source",
        "type": "path"
      },
      "original": {
        "id": "nixpkgs",
        "type": "indirect"
      }
    },
    "nixpkgs_5": {
      "locked": {
        "lastModified": 1665723124,
        "narHash": "sha256-J1JY2cN0L+CNDSrGkNdbiTl2EFV8hpqqsDJFICsYSBw=",
        "owner": "nixos",
        "repo": "nixpkgs",
        "rev": "31d567846255e122846548255101980162bbf641",
        "type": "github"
      },
      "original": {
        "owner": "nixos",
        "ref": "nixpkgs-unstable",
        "repo": "nixpkgs",
        "type": "github"
      }
    },
    "root": {
      "inputs": {
        "classified": "classified",
        "fenix": "fenix",
        "home-manager": "home-manager",
        "naersk": "naersk",
        "nixpkgs": "nixpkgs_3",
        "simp": "simp",
        "t": "t",
        "wired-notify": "wired-notify"
      }
    },
    "rust-analyzer-src": {
      "flake": false,
      "locked": {
        "lastModified": 1688576197,
        "narHash": "sha256-flxGk5OXBfXqlS/ZWNyT23slfPjTCkza3CV/EIfvdSU=",
        "owner": "rust-lang",
        "repo": "rust-analyzer",
        "rev": "aa91eda9028758839487ad0f0eb120944a549ff3",
        "type": "github"
      },
      "original": {
        "owner": "rust-lang",
        "ref": "nightly",
        "repo": "rust-analyzer",
        "type": "github"
      }
    },
    "simp": {
      "inputs": {
        "flake-utils": "flake-utils_2",
        "naersk": "naersk_2",
        "nixpkgs": [
          "simp",
          "naersk",
          "nixpkgs"
        ]
      },
      "locked": {
        "lastModified": 1681406936,
        "narHash": "sha256-PEgM30U0d7zzSM5FC74WFoh/AVE8+OKg/apTvGCWvT8=",
        "owner": "Kl4rry",
        "repo": "simp",
        "rev": "de363c9f8e682772a1a24f957e121df6b65ddd21",
        "type": "github"
      },
      "original": {
        "owner": "Kl4rry",
        "repo": "simp",
        "type": "github"
      }
    },
    "t": {
      "locked": {
        "lastModified": 1659519983,
        "narHash": "sha256-j0VDGhNkXEjfv85A6LvHtIoEymzP3CW9IEPpV8wMBUE=",
        "owner": "GoldsteinE",
        "repo": "flake-templates",
        "rev": "8d0cc01127c48c01286acb4f72ae72f3ce39e772",
        "type": "github"
      },
      "original": {
        "owner": "GoldsteinE",
        "repo": "flake-templates",
        "type": "github"
      }
    },
    "utils": {
      "locked": {
        "lastModified": 1652776076,
        "narHash": "sha256-gzTw/v1vj4dOVbpBSJX4J0DwUR6LIyXo7/SuuTJp1kM=",
        "owner": "numtide",
        "repo": "flake-utils",
        "rev": "04c1b180862888302ddfb2e3ad9eaa63afc60cf8",
        "type": "github"
      },
      "original": {
        "owner": "numtide",
        "repo": "flake-utils",
        "type": "github"
      }
    },
    "wired-notify": {
      "inputs": {
        "alejandra": "alejandra",
        "nixpkgs": "nixpkgs_5",
        "utils": "utils"
      },
      "locked": {
        "lastModified": 1683104317,
        "narHash": "sha256-TfPrY+sqCKfRiBhO3oz0t/i9IGcTuGGQMKhkD+LpMys=",
        "owner": "toqozz",
        "repo": "wired-notify",
        "rev": "73bb26863ed3272e0d524424685bd53a70db25e4",
        "type": "github"
      },
      "original": {
        "owner": "toqozz",
        "ref": "master",
        "repo": "wired-notify",
        "type": "github"
      }
    }
  },
  "root": "root",
  "version": 7
}
