{
  "nodes": {
    "alejandra": {
      "inputs": {
        "flakeCompat": "flakeCompat",
        "nixpkgs": [
          "wired-notify",
          "nixpkgs"
        ]
      },
      "locked": {
        "lastModified": 1652974241,
        "narHash": "sha256-0AolxQtKj3Oek0WSbODDpPVO5Ih8PXHOA3qXEKPB4dQ=",
        "owner": "kamadorueda",
        "repo": "alejandra",
        "rev": "0be1462419fc73270a5dc0f84f8092603890b029",
        "type": "github"
      },
      "original": {
        "owner": "kamadorueda",
        "repo": "alejandra",
        "type": "github"
      }
    },
    "classified": {
      "inputs": {
        "flake-utils": "flake-utils",
        "naersk": [
          "naersk"
        ],
        "nixpkgs": [
          "nixpkgs"
        ]
      },
      "locked": {
        "lastModified": 1662839167,
        "narHash": "sha256-1+aj67QumLs4zGa5xfsU04GEthe2RHI7x7REgpthvC8=",
        "owner": "GoldsteinE",
        "repo": "classified",
        "rev": "35ec6b0cc56295c797651daf404768826702dac7",
        "type": "github"
      },
      "original": {
        "owner": "GoldsteinE",
        "repo": "classified",
        "type": "github"
      }
    },
    "flake-compat": {
      "flake": false,
      "locked": {
        "lastModified": 1668681692,
        "narHash": "sha256-Ht91NGdewz8IQLtWZ9LCeNXMSXHUss+9COoqu6JLmXU=",
        "owner": "edolstra",
        "repo": "flake-compat",
        "rev": "009399224d5e398d03b22badca40a37ac85412a1",
        "type": "github"
      },
      "original": {
        "owner": "edolstra",
        "repo": "flake-compat",
        "type": "github"
      }
    },
    "flake-utils": {
      "locked": {
        "lastModified": 1659877975,
        "narHash": "sha256-zllb8aq3YO3h8B/U0/J1WBgAL8EX5yWf5pMj3G0NAmc=",
        "owner": "numtide",
        "repo": "flake-utils",
        "rev": "c0e246b9b83f637f4681389ecabcb2681b4f3af0",
        "type": "github"
      },
      "original": {
        "owner": "numtide",
        "repo": "flake-utils",
        "type": "github"
      }
    },
    "flake-utils_2": {
      "locked": {
        "lastModified": 1667395993,
        "narHash": "sha256-nuEHfE/LcWyuSWnS8t12N1wc105Qtau+/OdUAjtQ0rA=",
        "owner": "numtide",
        "repo": "flake-utils",
        "rev": "5aed5285a952e0b949eb3ba02c12fa4fcfef535f",
        "type": "github"
      },
      "original": {
        "owner": "numtide",
        "repo": "flake-utils",
        "type": "github"
      }
    },
    "flake-utils_3": {
      "locked": {
        "lastModified": 1659877975,
        "narHash": "sha256-zllb8aq3YO3h8B/U0/J1WBgAL8EX5yWf5pMj3G0NAmc=",
        "owner": "numtide",
        "repo": "flake-utils",
        "rev": "c0e246b9b83f637f4681389ecabcb2681b4f3af0",
        "type": "github"
      },
      "original": {
        "owner": "numtide",
        "repo": "flake-utils",
        "type": "github"
      }
    },
    "flake-utils_4": {
      "locked": {
        "lastModified": 1659877975,
        "narHash": "sha256-zllb8aq3YO3h8B/U0/J1WBgAL8EX5yWf5pMj3G0NAmc=",
        "owner": "numtide",
        "repo": "flake-utils",
        "rev": "c0e246b9b83f637f4681389ecabcb2681b4f3af0",
        "type": "github"
      },
      "original": {
        "owner": "numtide",
        "repo": "flake-utils",
        "type": "github"
      }
    },
    "flakeCompat": {
      "flake": false,
      "locked": {
        "lastModified": 1648199409,
        "narHash": "sha256-JwPKdC2PoVBkG6E+eWw3j6BMR6sL3COpYWfif7RVb8Y=",
        "owner": "edolstra",
        "repo": "flake-compat",
        "rev": "64a525ee38886ab9028e6f61790de0832aa3ef03",
        "type": "github"
      },
      "original": {
        "owner": "edolstra",
        "repo": "flake-compat",
        "type": "github"
      }
    },
    "home-manager": {
      "inputs": {
        "nixpkgs": [
          "nixpkgs"
        ],
        "utils": "utils"
      },
      "locked": {
        "lastModified": 1671966569,
        "narHash": "sha256-jbLgfSnmLchARBNFRvCic63CFQ9LAyvlXnBpc2kwjQc=",
        "owner": "nix-community",
        "repo": "home-manager",
        "rev": "c55fa26ce05fee8e063db22918d05a73d430b2ea",
        "type": "github"
      },
      "original": {
        "owner": "nix-community",
        "repo": "home-manager",
        "type": "github"
      }
    },
    "naersk": {
      "inputs": {
        "nixpkgs": "nixpkgs"
      },
      "locked": {
        "lastModified": 1671096816,
        "narHash": "sha256-ezQCsNgmpUHdZANDCILm3RvtO1xH8uujk/+EqNvzIOg=",
        "owner": "nmattia",
        "repo": "naersk",
        "rev": "d998160d6a076cfe8f9741e56aeec7e267e3e114",
        "type": "github"
      },
      "original": {
        "owner": "nmattia",
        "repo": "naersk",
        "type": "github"
      }
    },
    "naersk_2": {
      "inputs": {
        "nixpkgs": "nixpkgs_5"
      },
      "locked": {
        "lastModified": 1659610603,
        "narHash": "sha256-LYgASYSPYo7O71WfeUOaEUzYfzuXm8c8eavJcel+pfI=",
        "owner": "nix-community",
        "repo": "naersk",
        "rev": "c6a45e4277fa58abd524681466d3450f896dc094",
        "type": "github"
      },
      "original": {
        "owner": "nix-community",
        "repo": "naersk",
        "type": "github"
      }
    },
    "neovim-flake": {
      "inputs": {
        "flake-utils": "flake-utils_2",
        "nixpkgs": [
          "neovim-nightly-overlay",
          "nixpkgs"
        ]
      },
      "locked": {
        "dir": "contrib",
        "lastModified": 1672215132,
        "narHash": "sha256-KygNY7mTxySQ40zEsWh7p3toGM64ViHf8q3NXaZ4ENY=",
        "owner": "neovim",
        "repo": "neovim",
        "rev": "a731a40f78a407387fd60589e39bda960bdf5f1b",
        "type": "github"
      },
      "original": {
        "dir": "contrib",
        "owner": "neovim",
        "repo": "neovim",
        "type": "github"
      }
    },
    "neovim-nightly-overlay": {
      "inputs": {
        "flake-compat": "flake-compat",
        "neovim-flake": "neovim-flake",
        "nixpkgs": "nixpkgs_2"
      },
      "locked": {
        "lastModified": 1672215243,
        "narHash": "sha256-ChgJmbTGzWGdmvkQDQ/0goTbpQchoI/fvJfJHxkbo9I=",
        "owner": "nix-community",
        "repo": "neovim-nightly-overlay",
        "rev": "64b53e2370c97f5b4e3b4cda95a625a09f921aa7",
        "type": "github"
      },
      "original": {
        "owner": "nix-community",
        "repo": "neovim-nightly-overlay",
        "type": "github"
      }
    },
    "nixpkgs": {
      "locked": {
        "lastModified": 1671359686,
        "narHash": "sha256-3MpC6yZo+Xn9cPordGz2/ii6IJpP2n8LE8e/ebUXLrs=",
        "path": "/nix/store/v3h6hhxf4f5l5ix3p70jap046zl2plm1-source",
        "rev": "04f574a1c0fde90b51bf68198e2297ca4e7cccf4",
        "type": "path"
      },
      "original": {
        "id": "nixpkgs",
        "type": "indirect"
      }
    },
    "nixpkgs_2": {
      "locked": {
        "lastModified": 1672158941,
        "narHash": "sha256-A6KENZ8/ke7YXpmpwVH4nTf5hLreFEUWW9Q+Z9jdomg=",
        "owner": "nixos",
        "repo": "nixpkgs",
        "rev": "23d58dae80cb6a9e14839be4e626ec4bc0963e32",
        "type": "github"
      },
      "original": {
        "owner": "nixos",
        "ref": "nixpkgs-unstable",
        "repo": "nixpkgs",
        "type": "github"
      }
    },
    "nixpkgs_3": {
      "locked": {
        "lastModified": 1672080458,
        "narHash": "sha256-Ukjn8YUwZevxDPaVUmTx2sf9bCcIJSasmLz+xjGBKrs=",
        "owner": "nixos",
        "repo": "nixpkgs",
        "rev": "1eb875e811dd59e21e77f6337f2c1592889b48b3",
        "type": "github"
      },
      "original": {
        "owner": "nixos",
        "ref": "nixos-unstable",
        "repo": "nixpkgs",
        "type": "github"
      }
    },
    "nixpkgs_4": {
      "locked": {
        "lastModified": 1665296151,
        "narHash": "sha256-uOB0oxqxN9K7XGF1hcnY+PQnlQJ+3bP2vCn/+Ru/bbc=",
        "owner": "NixOS",
        "repo": "nixpkgs",
        "rev": "14ccaaedd95a488dd7ae142757884d8e125b3363",
        "type": "github"
      },
      "original": {
        "owner": "NixOS",
        "ref": "nixpkgs-unstable",
        "repo": "nixpkgs",
        "type": "github"
      }
    },
    "nixpkgs_5": {
      "locked": {
        "lastModified": 0,
        "narHash": "sha256-nkMQ1TKIIAYIVbbUzjxfjPn3H1zZFW20TrHUFAjwvNU=",
        "path": "/nix/store/c3qqpbi359a0dvx80bkhzyqgd839y5if-source",
        "type": "path"
      },
      "original": {
        "id": "nixpkgs",
        "type": "indirect"
      }
    },
    "nixpkgs_6": {
      "locked": {
        "lastModified": 1665723124,
        "narHash": "sha256-J1JY2cN0L+CNDSrGkNdbiTl2EFV8hpqqsDJFICsYSBw=",
        "owner": "nixos",
        "repo": "nixpkgs",
        "rev": "31d567846255e122846548255101980162bbf641",
        "type": "github"
      },
      "original": {
        "owner": "nixos",
        "ref": "nixpkgs-unstable",
        "repo": "nixpkgs",
        "type": "github"
      }
    },
    "root": {
      "inputs": {
        "classified": "classified",
        "home-manager": "home-manager",
        "naersk": "naersk",
        "neovim-nightly-overlay": "neovim-nightly-overlay",
        "nixpkgs": "nixpkgs_3",
        "rust-overlay": "rust-overlay",
        "simp": "simp",
        "t": "t",
        "wired-notify": "wired-notify"
      }
    },
    "rust-overlay": {
      "inputs": {
        "flake-utils": "flake-utils_3",
        "nixpkgs": "nixpkgs_4"
      },
      "locked": {
        "lastModified": 1672194128,
        "narHash": "sha256-7xRHQRkrYjsRxowLTl0ShfT2H5xaN82Je/xtRmMd4oc=",
        "owner": "oxalica",
        "repo": "rust-overlay",
        "rev": "bb9fef79d831cc3c1bfdda2bb72e69706d1ab168",
        "type": "github"
      },
      "original": {
        "owner": "oxalica",
        "repo": "rust-overlay",
        "type": "github"
      }
    },
    "simp": {
      "inputs": {
        "flake-utils": "flake-utils_4",
        "naersk": "naersk_2",
        "nixpkgs": [
          "simp",
          "naersk",
          "nixpkgs"
        ]
      },
      "locked": {
        "lastModified": 1671366702,
        "narHash": "sha256-w/oIHwU/OoXaPBdKXSvVJ6o8oQ9LGbkT5ICqPDC9P/8=",
        "owner": "Kl4rry",
        "repo": "simp",
        "rev": "a104d68ee8eea6287279a12e380d29f9ffed08f3",
        "type": "github"
      },
      "original": {
        "owner": "Kl4rry",
        "repo": "simp",
        "type": "github"
      }
    },
    "t": {
      "locked": {
        "lastModified": 1659519983,
        "narHash": "sha256-j0VDGhNkXEjfv85A6LvHtIoEymzP3CW9IEPpV8wMBUE=",
        "owner": "GoldsteinE",
        "repo": "flake-templates",
        "rev": "8d0cc01127c48c01286acb4f72ae72f3ce39e772",
        "type": "github"
      },
      "original": {
        "owner": "GoldsteinE",
        "repo": "flake-templates",
        "type": "github"
      }
    },
    "utils": {
      "locked": {
        "lastModified": 1667395993,
        "narHash": "sha256-nuEHfE/LcWyuSWnS8t12N1wc105Qtau+/OdUAjtQ0rA=",
        "owner": "numtide",
        "repo": "flake-utils",
        "rev": "5aed5285a952e0b949eb3ba02c12fa4fcfef535f",
        "type": "github"
      },
      "original": {
        "owner": "numtide",
        "repo": "flake-utils",
        "type": "github"
      }
    },
    "utils_2": {
      "locked": {
        "lastModified": 1652776076,
        "narHash": "sha256-gzTw/v1vj4dOVbpBSJX4J0DwUR6LIyXo7/SuuTJp1kM=",
        "owner": "numtide",
        "repo": "flake-utils",
        "rev": "04c1b180862888302ddfb2e3ad9eaa63afc60cf8",
        "type": "github"
      },
      "original": {
        "owner": "numtide",
        "repo": "flake-utils",
        "type": "github"
      }
    },
    "wired-notify": {
      "inputs": {
        "alejandra": "alejandra",
        "nixpkgs": "nixpkgs_6",
        "utils": "utils_2"
      },
      "locked": {
        "lastModified": 1671338321,
        "narHash": "sha256-Nm/DarDGFYP+ocPcoEYh4guKXH+jndREtMl0VKMSYF8=",
        "owner": "toqozz",
        "repo": "wired-notify",
        "rev": "f4300acba8180f8fc6babc1a118f9b3753a2b052",
        "type": "github"
      },
      "original": {
        "owner": "toqozz",
        "ref": "master",
        "repo": "wired-notify",
        "type": "github"
      }
    }
  },
  "root": "root",
  "version": 7
}
